// !$*UTF8*$!
{
	archiveVersion = 1;
	classes = {
	};
	objectVersion = 46;
	objects = {

/* Begin PBXBuildFile section */
		D0A140821D0DD699008CD328 /* AppDelegate.swift in Sources */ = {isa = PBXBuildFile; fileRef = D0A140811D0DD699008CD328 /* AppDelegate.swift */; };
		D0A140841D0DD699008CD328 /* ViewController.swift in Sources */ = {isa = PBXBuildFile; fileRef = D0A140831D0DD699008CD328 /* ViewController.swift */; };
		D0A140871D0DD699008CD328 /* Main.storyboard in Resources */ = {isa = PBXBuildFile; fileRef = D0A140851D0DD699008CD328 /* Main.storyboard */; };
		D0A140891D0DD699008CD328 /* Assets.xcassets in Resources */ = {isa = PBXBuildFile; fileRef = D0A140881D0DD699008CD328 /* Assets.xcassets */; };
		D0A1408C1D0DD699008CD328 /* LaunchScreen.storyboard in Resources */ = {isa = PBXBuildFile; fileRef = D0A1408A1D0DD699008CD328 /* LaunchScreen.storyboard */; };
		D0A140971D0DD699008CD328 /* TestTests.swift in Sources */ = {isa = PBXBuildFile; fileRef = D0A140961D0DD699008CD328 /* TestTests.swift */; };
		D0A140A21D0DD699008CD328 /* TestUITests.swift in Sources */ = {isa = PBXBuildFile; fileRef = D0A140A11D0DD699008CD328 /* TestUITests.swift */; };
		D0A140B01D0DD6BE008CD328 /* text.plist in Resources */ = {isa = PBXBuildFile; fileRef = D0A140AF1D0DD6BE008CD328 /* text.plist */; };
/* End PBXBuildFile section */

/* Begin PBXContainerItemProxy section */
		D0A140931D0DD699008CD328 /* PBXContainerItemProxy */ = {
			isa = PBXContainerItemProxy;
			containerPortal = D0A140761D0DD699008CD328 /* Project object */;
			proxyType = 1;
			remoteGlobalIDString = D0A1407D1D0DD699008CD328;
			remoteInfo = Test;
		};
		D0A1409E1D0DD699008CD328 /* PBXContainerItemProxy */ = {
			isa = PBXContainerItemProxy;
			containerPortal = D0A140761D0DD699008CD328 /* Project object */;
			proxyType = 1;
			remoteGlobalIDString = D0A1407D1D0DD699008CD328;
			remoteInfo = Test;
		};
/* End PBXContainerItemProxy section */

/* Begin PBXFileReference section */
		D0A1407E1D0DD699008CD328 /* Test.app */ = {isa = PBXFileReference; explicitFileType = wrapper.application; includeInIndex = 0; path = Test.app; sourceTree = BUILT_PRODUCTS_DIR; };
		D0A140811D0DD699008CD328 /* AppDelegate.swift */ = {isa = PBXFileReference; lastKnownFileType = sourcecode.swift; path = AppDelegate.swift; sourceTree = "<group>"; };
		D0A140831D0DD699008CD328 /* ViewController.swift */ = {isa = PBXFileReference; lastKnownFileType = sourcecode.swift; path = ViewController.swift; sourceTree = "<group>"; };
		D0A140861D0DD699008CD328 /* Base */ = {isa = PBXFileReference; lastKnownFileType = file.storyboard; name = Base; path = Base.lproj/Main.storyboard; sourceTree = "<group>"; };
		D0A140881D0DD699008CD328 /* Assets.xcassets */ = {isa = PBXFileReference; lastKnownFileType = folder.assetcatalog; path = Assets.xcassets; sourceTree = "<group>"; };
		D0A1408B1D0DD699008CD328 /* Base */ = {isa = PBXFileReference; lastKnownFileType = file.storyboard; name = Base; path = Base.lproj/LaunchScreen.storyboard; sourceTree = "<group>"; };
		D0A1408D1D0DD699008CD328 /* Info.plist */ = {isa = PBXFileReference; lastKnownFileType = text.plist.xml; path = Info.plist; sourceTree = "<group>"; };
		D0A140921D0DD699008CD328 /* TestTests.xctest */ = {isa = PBXFileReference; explicitFileType = wrapper.cfbundle; includeInIndex = 0; path = TestTests.xctest; sourceTree = BUILT_PRODUCTS_DIR; };
		D0A140961D0DD699008CD328 /* TestTests.swift */ = {isa = PBXFileReference; lastKnownFileType = sourcecode.swift; path = TestTests.swift; sourceTree = "<group>"; };
		D0A140981D0DD699008CD328 /* Info.plist */ = {isa = PBXFileReference; lastKnownFileType = text.plist.xml; path = Info.plist; sourceTree = "<group>"; };
		D0A1409D1D0DD699008CD328 /* TestUITests.xctest */ = {isa = PBXFileReference; explicitFileType = wrapper.cfbundle; includeInIndex = 0; path = TestUITests.xctest; sourceTree = BUILT_PRODUCTS_DIR; };
		D0A140A11D0DD699008CD328 /* TestUITests.swift */ = {isa = PBXFileReference; lastKnownFileType = sourcecode.swift; path = TestUITests.swift; sourceTree = "<group>"; };
		D0A140A31D0DD699008CD328 /* Info.plist */ = {isa = PBXFileReference; lastKnownFileType = text.plist.xml; path = Info.plist; sourceTree = "<group>"; };
		D0A140AF1D0DD6BE008CD328 /* text.plist */ = {isa = PBXFileReference; fileEncoding = 4; lastKnownFileType = text.plist.xml; path = text.plist; sourceTree = SOURCE_ROOT; };
/* End PBXFileReference section */

/* Begin PBXFrameworksBuildPhase section */
		D0A1407B1D0DD699008CD328 /* Frameworks */ = {
			isa = PBXFrameworksBuildPhase;
			buildActionMask = 2147483647;
			files = (
			);
			runOnlyForDeploymentPostprocessing = 0;
		};
		D0A1408F1D0DD699008CD328 /* Frameworks */ = {
			isa = PBXFrameworksBuildPhase;
			buildActionMask = 2147483647;
			files = (
			);
			runOnlyForDeploymentPostprocessing = 0;
		};
		D0A1409A1D0DD699008CD328 /* Frameworks */ = {
			isa = PBXFrameworksBuildPhase;
			buildActionMask = 2147483647;
			files = (
			);
			runOnlyForDeploymentPostprocessing = 0;
		};
/* End PBXFrameworksBuildPhase section */

/* Begin PBXGroup section */
		D0A140751D0DD699008CD328 = {
			isa = PBXGroup;
			children = (
				D0A140801D0DD699008CD328 /* Test */,
				D0A140951D0DD699008CD328 /* TestTests */,
				D0A140A01D0DD699008CD328 /* TestUITests */,
				D0A1407F1D0DD699008CD328 /* Products */,
			);
			sourceTree = "<group>";
		};
		D0A1407F1D0DD699008CD328 /* Products */ = {
			isa = PBXGroup;
			children = (
				D0A1407E1D0DD699008CD328 /* Test.app */,
				D0A140921D0DD699008CD328 /* TestTests.xctest */,
				D0A1409D1D0DD699008CD328 /* TestUITests.xctest */,
			);
			name = Products;
			sourceTree = "<group>";
		};
		D0A140801D0DD699008CD328 /* Test */ = {
			isa = PBXGroup;
			children = (
				D0A140811D0DD699008CD328 /* AppDelegate.swift */,
				D0A140831D0DD699008CD328 /* ViewController.swift */,
				D0A140851D0DD699008CD328 /* Main.storyboard */,
				D0A140AF1D0DD6BE008CD328 /* text.plist */,
				D0A140881D0DD699008CD328 /* Assets.xcassets */,
				D0A1408A1D0DD699008CD328 /* LaunchScreen.storyboard */,
				D0A1408D1D0DD699008CD328 /* Info.plist */,
			);
			path = Test;
			sourceTree = "<group>";
		};
		D0A140951D0DD699008CD328 /* TestTests */ = {
			isa = PBXGroup;
			children = (
				D0A140961D0DD699008CD328 /* TestTests.swift */,
				D0A140981D0DD699008CD328 /* Info.plist */,
			);
			path = TestTests;
			sourceTree = "<group>";
		};
		D0A140A01D0DD699008CD328 /* TestUITests */ = {
			isa = PBXGroup;
			children = (
				D0A140A11D0DD699008CD328 /* TestUITests.swift */,
				D0A140A31D0DD699008CD328 /* Info.plist */,
			);
			path = TestUITests;
			sourceTree = "<group>";
		};
/* End PBXGroup section */

/* Begin PBXNativeTarget section */
		D0A1407D1D0DD699008CD328 /* Test */ = {
			isa = PBXNativeTarget;
			buildConfigurationList = D0A140A61D0DD699008CD328 /* Build configuration list for PBXNativeTarget "Test" */;
			buildPhases = (
				D0A1407A1D0DD699008CD328 /* Sources */,
				D0A1407B1D0DD699008CD328 /* Frameworks */,
				D0A1407C1D0DD699008CD328 /* Resources */,
			);
			buildRules = (
			);
			dependencies = (
			);
			name = Test;
			productName = Test;
			productReference = D0A1407E1D0DD699008CD328 /* Test.app */;
			productType = "com.apple.product-type.application";
		};
		D0A140911D0DD699008CD328 /* TestTests */ = {
			isa = PBXNativeTarget;
			buildConfigurationList = D0A140A91D0DD699008CD328 /* Build configuration list for PBXNativeTarget "TestTests" */;
			buildPhases = (
				D0A1408E1D0DD699008CD328 /* Sources */,
				D0A1408F1D0DD699008CD328 /* Frameworks */,
				D0A140901D0DD699008CD328 /* Resources */,
			);
			buildRules = (
			);
			dependencies = (
				D0A140941D0DD699008CD328 /* PBXTargetDependency */,
			);
			name = TestTests;
			productName = TestTests;
			productReference = D0A140921D0DD699008CD328 /* TestTests.xctest */;
			productType = "com.apple.product-type.bundle.unit-test";
		};
		D0A1409C1D0DD699008CD328 /* TestUITests */ = {
			isa = PBXNativeTarget;
			buildConfigurationList = D0A140AC1D0DD699008CD328 /* Build configuration list for PBXNativeTarget "TestUITests" */;
			buildPhases = (
				D0A140991D0DD699008CD328 /* Sources */,
				D0A1409A1D0DD699008CD328 /* Frameworks */,
				D0A1409B1D0DD699008CD328 /* Resources */,
			);
			buildRules = (
			);
			dependencies = (
				D0A1409F1D0DD699008CD328 /* PBXTargetDependency */,
			);
			name = TestUITests;
			productName = TestUITests;
			productReference = D0A1409D1D0DD699008CD328 /* TestUITests.xctest */;
			productType = "com.apple.product-type.bundle.ui-testing";
		};
/* End PBXNativeTarget section */

/* Begin PBXProject section */
		D0A140761D0DD699008CD328 /* Project object */ = {
			isa = PBXProject;
			attributes = {
				LastSwiftUpdateCheck = 0730;
				LastUpgradeCheck = 0730;
				ORGANIZATIONNAME = Justin;
				TargetAttributes = {
					D0A1407D1D0DD699008CD328 = {
						CreatedOnToolsVersion = 7.3.1;
						DevelopmentTeam = 385ZTH55KJ;
					};
					D0A140911D0DD699008CD328 = {
						CreatedOnToolsVersion = 7.3.1;
						DevelopmentTeam = 385ZTH55KJ;
						TestTargetID = D0A1407D1D0DD699008CD328;
					};
					D0A1409C1D0DD699008CD328 = {
						CreatedOnToolsVersion = 7.3.1;
						DevelopmentTeam = 385ZTH55KJ;
						TestTargetID = D0A1407D1D0DD699008CD328;
					};
				};
			};
			buildConfigurationList = D0A140791D0DD699008CD328 /* Build configuration list for PBXProject "Test" */;
			compatibilityVersion = "Xcode 3.2";
			developmentRegion = English;
			hasScannedForEncodings = 0;
			knownRegions = (
				en,
				Base,
			);
			mainGroup = D0A140751D0DD699008CD328;
			productRefGroup = D0A1407F1D0DD699008CD328 /* Products */;
			projectDirPath = "";
			projectRoot = "";
			targets = (
				D0A1407D1D0DD699008CD328 /* Test */,
				D0A140911D0DD699008CD328 /* TestTests */,
				D0A1409C1D0DD699008CD328 /* TestUITests */,
			);
		};
/* End PBXProject section */

/* Begin PBXResourcesBuildPhase section */
		D0A1407C1D0DD699008CD328 /* Resources */ = {
			isa = PBXResourcesBuildPhase;
			buildActionMask = 2147483647;
			files = (
				D0A1408C1D0DD699008CD328 /* LaunchScreen.storyboard in Resources */,
				D0A140B01D0DD6BE008CD328 /* text.plist in Resources */,
				D0A140891D0DD699008CD328 /* Assets.xcassets in Resources */,
				D0A140871D0DD699008CD328 /* Main.storyboard in Resources */,
			);
			runOnlyForDeploymentPostprocessing = 0;
		};
		D0A140901D0DD699008CD328 /* Resources */ = {
			isa = PBXResourcesBuildPhase;
			buildActionMask = 2147483647;
			files = (
			);
			runOnlyForDeploymentPostprocessing = 0;
		};
		D0A1409B1D0DD699008CD328 /* Resources */ = {
			isa = PBXResourcesBuildPhase;
			buildActionMask = 2147483647;
			files = (
			);
			runOnlyForDeploymentPostprocessing = 0;
		};
/* End PBXResourcesBuildPhase section */

/* Begin PBXSourcesBuildPhase section */
		D0A1407A1D0DD699008CD328 /* Sources */ = {
			isa = PBXSourcesBuildPhase;
			buildActionMask = 2147483647;
			files = (
				D0A140841D0DD699008CD328 /* ViewController.swift in Sources */,
				D0A140821D0DD699008CD328 /* AppDelegate.swift in Sources */,
			);
			runOnlyForDeploymentPostprocessing = 0;
		};
		D0A1408E1D0DD699008CD328 /* Sources */ = {
			isa = PBXSourcesBuildPhase;
			buildActionMask = 2147483647;
			files = (
				D0A140971D0DD699008CD328 /* TestTests.swift in Sources */,
			);
			runOnlyForDeploymentPostprocessing = 0;
		};
		D0A140991D0DD699008CD328 /* Sources */ = {
			isa = PBXSourcesBuildPhase;
			buildActionMask = 2147483647;
			files = (
				D0A140A21D0DD699008CD328 /* TestUITests.swift in Sources */,
			);
			runOnlyForDeploymentPostprocessing = 0;
		};
/* End PBXSourcesBuildPhase section */

/* Begin PBXTargetDependency section */
		D0A140941D0DD699008CD328 /* PBXTargetDependency */ = {
			isa = PBXTargetDependency;
			target = D0A1407D1D0DD699008CD328 /* Test */;
			targetProxy = D0A140931D0DD699008CD328 /* PBXContainerItemProxy */;
		};
		D0A1409F1D0DD699008CD328 /* PBXTargetDependency */ = {
			isa = PBXTargetDependency;
			target = D0A1407D1D0DD699008CD328 /* Test */;
			targetProxy = D0A1409E1D0DD699008CD328 /* PBXContainerItemProxy */;
		};
/* End PBXTargetDependency section */

/* Begin PBXVariantGroup section */
		D0A140851D0DD699008CD328 /* Main.storyboard */ = {
			isa = PBXVariantGroup;
			children = (
				D0A140861D0DD699008CD328 /* Base */,
			);
			name = Main.storyboard;
			sourceTree = "<group>";
		};
		D0A1408A1D0DD699008CD328 /* LaunchScreen.storyboard */ = {
			isa = PBXVariantGroup;
			children = (
				D0A1408B1D0DD699008CD328 /* Base */,
			);
			name = LaunchScreen.storyboard;
			sourceTree = "<group>";
		};
/* End PBXVariantGroup section */

/* Begin XCBuildConfiguration section */
		D0A140A41D0DD699008CD328 /* Debug */ = {
			isa = XCBuildConfiguration;
			buildSettings = {
				ALWAYS_SEARCH_USER_PATHS = NO;
				CLANG_ANALYZER_NONNULL = YES;
				CLANG_CXX_LANGUAGE_STANDARD = "gnu++0x";
				CLANG_CXX_LIBRARY = "libc++";
				CLANG_ENABLE_MODULES = YES;
				CLANG_ENABLE_OBJC_ARC = YES;
				CLANG_WARN_BOOL_CONVERSION = YES;
				CLANG_WARN_CONSTANT_CONVERSION = YES;
				CLANG_WARN_DIRECT_OBJC_ISA_USAGE = YES_ERROR;
				CLANG_WARN_EMPTY_BODY = YES;
				CLANG_WARN_ENUM_CONVERSION = YES;
				CLANG_WARN_INT_CONVERSION = YES;
				CLANG_WARN_OBJC_ROOT_CLASS = YES_ERROR;
				CLANG_WARN_UNREACHABLE_CODE = YES;
				CLANG_WARN__DUPLICATE_METHOD_MATCH = YES;
				"CODE_SIGN_IDENTITY[sdk=iphoneos*]" = "iPhone Developer";
				COPY_PHASE_STRIP = NO;
				DEBUG_INFORMATION_FORMAT = dwarf;
				ENABLE_STRICT_OBJC_MSGSEND = YES;
				ENABLE_TESTABILITY = YES;
				GCC_C_LANGUAGE_STANDARD = gnu99;
				GCC_DYNAMIC_NO_PIC = NO;
				GCC_NO_COMMON_BLOCKS = YES;
				GCC_OPTIMIZATION_LEVEL = 0;
				GCC_PREPROCESSOR_DEFINITIONS = (
					"DEBUG=1",
					"$(inherited)",
				);
				GCC_WARN_64_TO_32_BIT_CONVERSION = YES;
				GCC_WARN_ABOUT_RETURN_TYPE = YES_ERROR;
				GCC_WARN_UNDECLARED_SELECTOR = YES;
				GCC_WARN_UNINITIALIZED_AUTOS = YES_AGGRESSIVE;
				GCC_WARN_UNUSED_FUNCTION = YES;
				GCC_WARN_UNUSED_VARIABLE = YES;
				IPHONEOS_DEPLOYMENT_TARGET = 9.3;
				MTL_ENABLE_DEBUG_INFO = YES;
				ONLY_ACTIVE_ARCH = YES;
				SDKROOT = iphoneos;
				SWIFT_OPTIMIZATION_LEVEL = "-Onone";
				TARGETED_DEVICE_FAMILY = "1,2";
			};
			name = Debug;
		};
		D0A140A51D0DD699008CD328 /* Release */ = {
			isa = XCBuildConfiguration;
			buildSettings = {
				ALWAYS_SEARCH_USER_PATHS = NO;
				CLANG_ANALYZER_NONNULL = YES;
				CLANG_CXX_LANGUAGE_STANDARD = "gnu++0x";
				CLANG_CXX_LIBRARY = "libc++";
				CLANG_ENABLE_MODULES = YES;
				CLANG_ENABLE_OBJC_ARC = YES;
				CLANG_WARN_BOOL_CONVERSION = YES;
				CLANG_WARN_CONSTANT_CONVERSION = YES;
				CLANG_WARN_DIRECT_OBJC_ISA_USAGE = YES_ERROR;
				CLANG_WARN_EMPTY_BODY = YES;
				CLANG_WARN_ENUM_CONVERSION = YES;
				CLANG_WARN_INT_CONVERSION = YES;
				CLANG_WARN_OBJC_ROOT_CLASS = YES_ERROR;
				CLANG_WARN_UNREACHABLE_CODE = YES;
				CLANG_WARN__DUPLICATE_METHOD_MATCH = YES;
				"CODE_SIGN_IDENTITY[sdk=iphoneos*]" = "iPhone Developer";
				COPY_PHASE_STRIP = NO;
				DEBUG_INFORMATION_FORMAT = "dwarf-with-dsym";
				ENABLE_NS_ASSERTIONS = NO;
				ENABLE_STRICT_OBJC_MSGSEND = YES;
				GCC_C_LANGUAGE_STANDARD = gnu99;
				GCC_NO_COMMON_BLOCKS = YES;
				GCC_WARN_64_TO_32_BIT_CONVERSION = YES;
				GCC_WARN_ABOUT_RETURN_TYPE = YES_ERROR;
				GCC_WARN_UNDECLARED_SELECTOR = YES;
				GCC_WARN_UNINITIALIZED_AUTOS = YES_AGGRESSIVE;
				GCC_WARN_UNUSED_FUNCTION = YES;
				GCC_WARN_UNUSED_VARIABLE = YES;
				IPHONEOS_DEPLOYMENT_TARGET = 9.3;
				MTL_ENABLE_DEBUG_INFO = NO;
				SDKROOT = iphoneos;
				TARGETED_DEVICE_FAMILY = "1,2";
				VALIDATE_PRODUCT = YES;
			};
			name = Release;
		};
		D0A140A71D0DD699008CD328 /* Debug */ = {
			isa = XCBuildConfiguration;
			buildSettings = {
				ASSETCATALOG_COMPILER_APPICON_NAME = AppIcon;
				INFOPLIST_FILE = Test/Info.plist;
				LD_RUNPATH_SEARCH_PATHS = "$(inherited) @executable_path/Frameworks";
				PRODUCT_BUNDLE_IDENTIFIER = justin.com.Test;
				PRODUCT_NAME = "$(TARGET_NAME)";
			};
			name = Debug;
		};
		D0A140A81D0DD699008CD328 /* Release */ = {
			isa = XCBuildConfiguration;
			buildSettings = {
				ASSETCATALOG_COMPILER_APPICON_NAME = AppIcon;
				INFOPLIST_FILE = Test/Info.plist;
				LD_RUNPATH_SEARCH_PATHS = "$(inherited) @executable_path/Frameworks";
				PRODUCT_BUNDLE_IDENTIFIER = justin.com.Test;
				PRODUCT_NAME = "$(TARGET_NAME)";
			};
			name = Release;
		};
		D0A140AA1D0DD699008CD328 /* Debug */ = {
			isa = XCBuildConfiguration;
			buildSettings = {
				BUNDLE_LOADER = "$(TEST_HOST)";
				INFOPLIST_FILE = TestTests/Info.plist;
				LD_RUNPATH_SEARCH_PATHS = "$(inherited) @executable_path/Frameworks @loader_path/Frameworks";
				PRODUCT_BUNDLE_IDENTIFIER = justin.com.TestTests;
				PRODUCT_NAME = "$(TARGET_NAME)";
				TEST_HOST = "$(BUILT_PRODUCTS_DIR)/Test.app/Test";
			};
			name = Debug;
		};
		D0A140AB1D0DD699008CD328 /* Release */ = {
			isa = XCBuildConfiguration;
			buildSettings = {
				BUNDLE_LOADER = "$(TEST_HOST)";
				INFOPLIST_FILE = TestTests/Info.plist;
				LD_RUNPATH_SEARCH_PATHS = "$(inherited) @executable_path/Frameworks @loader_path/Frameworks";
				PRODUCT_BUNDLE_IDENTIFIER = justin.com.TestTests;
				PRODUCT_NAME = "$(TARGET_NAME)";
				TEST_HOST = "$(BUILT_PRODUCTS_DIR)/Test.app/Test";
			};
			name = Release;
		};
		D0A140AD1D0DD699008CD328 /* Debug */ = {
			isa = XCBuildConfiguration;
			buildSettings = {
				INFOPLIST_FILE = TestUITests/Info.plist;
				LD_RUNPATH_SEARCH_PATHS = "$(inherited) @executable_path/Frameworks @loader_path/Frameworks";
				PRODUCT_BUNDLE_IDENTIFIER = justin.com.TestUITests;
				PRODUCT_NAME = "$(TARGET_NAME)";
				TEST_TARGET_NAME = Test;
			};
			name = Debug;
		};
		D0A140AE1D0DD699008CD328 /* Release */ = {
			isa = XCBuildConfiguration;
			buildSettings = {
				INFOPLIST_FILE = TestUITests/Info.plist;
				LD_RUNPATH_SEARCH_PATHS = "$(inherited) @executable_path/Frameworks @loader_path/Frameworks";
				PRODUCT_BUNDLE_IDENTIFIER = justin.com.TestUITests;
				PRODUCT_NAME = "$(TARGET_NAME)";
				TEST_TARGET_NAME = Test;
			};
			name = Release;
		};
/* End XCBuildConfiguration section */

/* Begin XCConfigurationList section */
		D0A140791D0DD699008CD328 /* Build configuration list for PBXProject "Test" */ = {
			isa = XCConfigurationList;
			buildConfigurations = (
				D0A140A41D0DD699008CD328 /* Debug */,
				D0A140A51D0DD699008CD328 /* Release */,
			);
			defaultConfigurationIsVisible = 0;
			defaultConfigurationName = Release;
		};
		D0A140A61D0DD699008CD328 /* Build configuration list for PBXNativeTarget "Test" */ = {
			isa = XCConfigurationList;
			buildConfigurations = (
				D0A140A71D0DD699008CD328 /* Debug */,
				D0A140A81D0DD699008CD328 /* Release */,
			);
			defaultConfigurationIsVisible = 0;
		};
		D0A140A91D0DD699008CD328 /* Build configuration list for PBXNativeTarget "TestTests" */ = {
			isa = XCConfigurationList;
			buildConfigurations = (
				D0A140AA1D0DD699008CD328 /* Debug */,
				D0A140AB1D0DD699008CD328 /* Release */,
			);
			defaultConfigurationIsVisible = 0;
		};
		D0A140AC1D0DD699008CD328 /* Build configuration list for PBXNativeTarget "TestUITests" */ = {
			isa = XCConfigurationList;
			buildConfigurations = (
				D0A140AD1D0DD699008CD328 /* Debug */,
				D0A140AE1D0DD699008CD328 /* Release */,
			);
			defaultConfigurationIsVisible = 0;
		};
/* End XCConfigurationList section */
	};
	rootObject = D0A140761D0DD699008CD328 /* Project object */;
}
